# generated by rye
# use `rye lock` or `rye sync` to update this lockfile
#
# last locked with the following flags:
#   pre: false
#   features: []
#   all-features: false
#   with-sources: false
#   generate-hashes: false
#   universal: false

altair==5.5.0
arro3-core==0.4.2
    # via vegafusion
asttokens==2.4.1
    # via stack-data
attrs==24.2.0
    # via jsonschema
    # via referencing
beautifulsoup4==4.12.3
    # via google
cachetools==5.5.0
    # via google-auth
certifi==2024.8.30
    # via requests
charset-normalizer==3.4.0
    # via requests
comm==0.2.2
    # via ipykernel
debugpy==1.8.9
    # via ipykernel
decorator==5.1.1
    # via ipython
executing==2.1.0
    # via stack-data
google==3.0.0
google-api-core==2.23.0
    # via google-cloud-bigquery
    # via google-cloud-bigquery-storage
    # via google-cloud-core
google-auth==2.36.0
    # via google-api-core
    # via google-cloud-bigquery
    # via google-cloud-bigquery-storage
    # via google-cloud-core
google-cloud-bigquery==3.27.0
google-cloud-bigquery-storage==2.27.0
google-cloud-core==2.4.1
    # via google-cloud-bigquery
google-crc32c==1.6.0
    # via google-resumable-media
google-resumable-media==2.7.2
    # via google-cloud-bigquery
googleapis-common-protos==1.66.0
    # via google-api-core
    # via grpcio-status
grpcio==1.68.0
    # via google-api-core
    # via grpcio-status
grpcio-status==1.68.0
    # via google-api-core
idna==3.10
    # via requests
ipykernel==6.29.5
ipython==8.30.0
    # via ipykernel
jedi==0.19.2
    # via ipython
jinja2==3.1.4
    # via altair
jsonschema==4.23.0
    # via altair
jsonschema-specifications==2024.10.1
    # via jsonschema
jupyter-client==8.6.3
    # via ipykernel
jupyter-core==5.7.2
    # via ipykernel
    # via jupyter-client
markupsafe==3.0.2
    # via jinja2
matplotlib-inline==0.1.7
    # via ipykernel
    # via ipython
narwhals==1.14.3
    # via altair
    # via vegafusion
nest-asyncio==1.6.0
    # via ipykernel
packaging==24.2
    # via altair
    # via google-cloud-bigquery
    # via ipykernel
    # via vegafusion
parso==0.8.4
    # via jedi
pexpect==4.9.0
    # via ipython
platformdirs==4.3.6
    # via jupyter-core
polars==1.16.0
prompt-toolkit==3.0.48
    # via ipython
proto-plus==1.25.0
    # via google-api-core
    # via google-cloud-bigquery-storage
protobuf==5.29.0
    # via google-api-core
    # via google-cloud-bigquery-storage
    # via googleapis-common-protos
    # via grpcio-status
    # via proto-plus
psutil==6.1.0
    # via ipykernel
ptyprocess==0.7.0
    # via pexpect
pure-eval==0.2.3
    # via stack-data
pyarrow==18.1.0
pyasn1==0.6.1
    # via pyasn1-modules
    # via rsa
pyasn1-modules==0.4.1
    # via google-auth
pygments==2.18.0
    # via ipython
python-dateutil==2.9.0.post0
    # via google-cloud-bigquery
    # via jupyter-client
pyzmq==26.2.0
    # via ipykernel
    # via jupyter-client
referencing==0.35.1
    # via jsonschema
    # via jsonschema-specifications
requests==2.32.3
    # via google-api-core
    # via google-cloud-bigquery
rpds-py==0.21.0
    # via jsonschema
    # via referencing
rsa==4.9
    # via google-auth
six==1.16.0
    # via asttokens
    # via python-dateutil
soupsieve==2.6
    # via beautifulsoup4
stack-data==0.6.3
    # via ipython
tornado==6.4.2
    # via ipykernel
    # via jupyter-client
traitlets==5.14.3
    # via comm
    # via ipykernel
    # via ipython
    # via jupyter-client
    # via jupyter-core
    # via matplotlib-inline
typing-extensions==4.12.2
    # via altair
urllib3==2.2.3
    # via requests
vegafusion==2.0.1
vl-convert-python==1.7.0
wcwidth==0.2.13
    # via prompt-toolkit
